
Microsoft Visual Studio Solution File, Format Version 12.00
# Visual Studio Version 16
VisualStudioVersion = 16.0.29709.97
MinimumVisualStudioVersion = 10.0.40219.1
Project("{FAE04EC0-301F-11D3-BF4B-00C04F79EFBC}") = "WebApi", "WebApi\WebApi.csproj", "{4026CB49-0645-4666-B6E9-111BA97DC977}"
EndProject
Global
	GlobalSection(SolutionConfigurationPlatforms) = preSolution
		Debug|Any CPU = Debug|Any CPU
		Release|Any CPU = Release|Any CPU
	EndGlobalSection
	GlobalSection(ProjectConfigurationPlatforms) = postSolution
		{4026CB49-0645-4666-B6E9-111BA97DC977}.Debug|Any CPU.ActiveCfg = Debug|Any CPU
		{4026CB49-0645-4666-B6E9-111BA97DC977}.Debug|Any CPU.Build.0 = Debug|Any CPU
		{4026CB49-0645-4666-B6E9-111BA97DC977}.Release|Any CPU.ActiveCfg = Release|Any CPU
		{4026CB49-0645-4666-B6E9-111BA97DC977}.Release|Any CPU.Build.0 = Release|Any CPU
	EndGlobalSection
	GlobalSection(SolutionProperties) = preSolution
		HideSolutionNode = FALSE
	EndGlobalSection
	GlobalSection(ExtensibilityGlobals) = postSolution
		SolutionGuid = {52F854BA-81F3-4A82-8383-297819E041A4}
	EndGlobalSection
EndGlobal
